// !$*UTF8*$!
{
	archiveVersion = 1;
	classes = {
	};
	objectVersion = 50;
	objects = {

/* Begin PBXBuildFile section */
		361FAE4423A29776006E6155 /* UserMO+CoreDataClass.swift in Sources */ = {isa = PBXBuildFile; fileRef = 361FAE3E23A29776006E6155 /* UserMO+CoreDataClass.swift */; };
		361FAE4523A29776006E6155 /* UserMO+CoreDataProperties.swift in Sources */ = {isa = PBXBuildFile; fileRef = 361FAE3F23A29776006E6155 /* UserMO+CoreDataProperties.swift */; };
		361FAE4623A29776006E6155 /* FavouriteMO+CoreDataClass.swift in Sources */ = {isa = PBXBuildFile; fileRef = 361FAE4023A29776006E6155 /* FavouriteMO+CoreDataClass.swift */; };
		361FAE4723A29776006E6155 /* FavouriteMO+CoreDataProperties.swift in Sources */ = {isa = PBXBuildFile; fileRef = 361FAE4123A29776006E6155 /* FavouriteMO+CoreDataProperties.swift */; };
		361FAE4823A29776006E6155 /* MusicMO+CoreDataClass.swift in Sources */ = {isa = PBXBuildFile; fileRef = 361FAE4223A29776006E6155 /* MusicMO+CoreDataClass.swift */; };
		361FAE4923A29776006E6155 /* MusicMO+CoreDataProperties.swift in Sources */ = {isa = PBXBuildFile; fileRef = 361FAE4323A29776006E6155 /* MusicMO+CoreDataProperties.swift */; };
		364DCE49239E524000BB7558 /* Disconnected.storyboard in Resources */ = {isa = PBXBuildFile; fileRef = 364DCE25239E524000BB7558 /* Disconnected.storyboard */; };
		364DCE4A239E524000BB7558 /* Feed.storyboard in Resources */ = {isa = PBXBuildFile; fileRef = 364DCE26239E524000BB7558 /* Feed.storyboard */; };
		364DCE4B239E524000BB7558 /* Music.storyboard in Resources */ = {isa = PBXBuildFile; fileRef = 364DCE27239E524000BB7558 /* Music.storyboard */; };
		364DCE4C239E524000BB7558 /* LaunchScreen.storyboard in Resources */ = {isa = PBXBuildFile; fileRef = 364DCE28239E524000BB7558 /* LaunchScreen.storyboard */; };
		364DCE4D239E524000BB7558 /* Main.storyboard in Resources */ = {isa = PBXBuildFile; fileRef = 364DCE2A239E524000BB7558 /* Main.storyboard */; };
		364DCE4E239E524000BB7558 /* Login.storyboard in Resources */ = {isa = PBXBuildFile; fileRef = 364DCE2C239E524000BB7558 /* Login.storyboard */; };
		364DCE4F239E524000BB7558 /* Signin.storyboard in Resources */ = {isa = PBXBuildFile; fileRef = 364DCE2D239E524000BB7558 /* Signin.storyboard */; };
		364DCE50239E524000BB7558 /* Account.storyboard in Resources */ = {isa = PBXBuildFile; fileRef = 364DCE2E239E524000BB7558 /* Account.storyboard */; };
		364DCE51239E524000BB7558 /* Assets.xcassets in Resources */ = {isa = PBXBuildFile; fileRef = 364DCE2F239E524000BB7558 /* Assets.xcassets */; };
		364DCE52239E524000BB7558 /* IF26-IOS_coredata.xcdatamodeld in Sources */ = {isa = PBXBuildFile; fileRef = 364DCE30239E524000BB7558 /* IF26-IOS_coredata.xcdatamodeld */; };
		364DCE55239E524000BB7558 /* DisconnectedViewController.swift in Sources */ = {isa = PBXBuildFile; fileRef = 364DCE38239E524000BB7558 /* DisconnectedViewController.swift */; };
		364DCE57239E524000BB7558 /* MusicViewController.swift in Sources */ = {isa = PBXBuildFile; fileRef = 364DCE3A239E524000BB7558 /* MusicViewController.swift */; };
		364DCE58239E524000BB7558 /* MainViewController.swift in Sources */ = {isa = PBXBuildFile; fileRef = 364DCE3B239E524000BB7558 /* MainViewController.swift */; };
		364DCE59239E524000BB7558 /* LoginViewController.swift in Sources */ = {isa = PBXBuildFile; fileRef = 364DCE3C239E524000BB7558 /* LoginViewController.swift */; };
		364DCE5A239E524000BB7558 /* FeedViewController.swift in Sources */ = {isa = PBXBuildFile; fileRef = 364DCE3D239E524000BB7558 /* FeedViewController.swift */; };
		364DCE5B239E524000BB7558 /* AccountViewController.swift in Sources */ = {isa = PBXBuildFile; fileRef = 364DCE3E239E524000BB7558 /* AccountViewController.swift */; };
		364DCE5C239E524000BB7558 /* SigninViewController.swift in Sources */ = {isa = PBXBuildFile; fileRef = 364DCE3F239E524000BB7558 /* SigninViewController.swift */; };
		364DCE5D239E524000BB7558 /* AppDelegate.swift in Sources */ = {isa = PBXBuildFile; fileRef = 364DCE40239E524000BB7558 /* AppDelegate.swift */; };
		364DCE60239E524000BB7558 /* bensound-summer.mp3 in Resources */ = {isa = PBXBuildFile; fileRef = 364DCE45239E524000BB7558 /* bensound-summer.mp3 */; };
		364DCE61239E524000BB7558 /* bensound-anewbeginning.mp3 in Resources */ = {isa = PBXBuildFile; fileRef = 364DCE46239E524000BB7558 /* bensound-anewbeginning.mp3 */; };
		364DCE62239E524000BB7558 /* bensound-creativeminds.mp3 in Resources */ = {isa = PBXBuildFile; fileRef = 364DCE47239E524000BB7558 /* bensound-creativeminds.mp3 */; };
		364DCE63239E524000BB7558 /* bensound-ukulele.mp3 in Resources */ = {isa = PBXBuildFile; fileRef = 364DCE48239E524000BB7558 /* bensound-ukulele.mp3 */; };
		AF0EE492235EF67D00158B51 /* IF26_IOSTests.swift in Sources */ = {isa = PBXBuildFile; fileRef = AF0EE491235EF67D00158B51 /* IF26_IOSTests.swift */; };
		AF0EE49D235EF67E00158B51 /* IF26_IOSUITests.swift in Sources */ = {isa = PBXBuildFile; fileRef = AF0EE49C235EF67E00158B51 /* IF26_IOSUITests.swift */; };
		AF6EFAD2239F9F8400842984 /* LoginHelper.swift in Sources */ = {isa = PBXBuildFile; fileRef = AF6EFAD1239F9F8400842984 /* LoginHelper.swift */; };
/* End PBXBuildFile section */

/* Begin PBXContainerItemProxy section */
		AF0EE48E235EF67D00158B51 /* PBXContainerItemProxy */ = {
			isa = PBXContainerItemProxy;
			containerPortal = AF0EE471235EF67700158B51 /* Project object */;
			proxyType = 1;
			remoteGlobalIDString = AF0EE478235EF67800158B51;
			remoteInfo = "IF26-IOS";
		};
		AF0EE499235EF67E00158B51 /* PBXContainerItemProxy */ = {
			isa = PBXContainerItemProxy;
			containerPortal = AF0EE471235EF67700158B51 /* Project object */;
			proxyType = 1;
			remoteGlobalIDString = AF0EE478235EF67800158B51;
			remoteInfo = "IF26-IOS";
		};
/* End PBXContainerItemProxy section */

/* Begin PBXFileReference section */
		361FAE3E23A29776006E6155 /* UserMO+CoreDataClass.swift */ = {isa = PBXFileReference; lastKnownFileType = sourcecode.swift; path = "UserMO+CoreDataClass.swift"; sourceTree = "<group>"; };
		361FAE3F23A29776006E6155 /* UserMO+CoreDataProperties.swift */ = {isa = PBXFileReference; lastKnownFileType = sourcecode.swift; path = "UserMO+CoreDataProperties.swift"; sourceTree = "<group>"; };
		361FAE4023A29776006E6155 /* FavouriteMO+CoreDataClass.swift */ = {isa = PBXFileReference; lastKnownFileType = sourcecode.swift; path = "FavouriteMO+CoreDataClass.swift"; sourceTree = "<group>"; };
		361FAE4123A29776006E6155 /* FavouriteMO+CoreDataProperties.swift */ = {isa = PBXFileReference; lastKnownFileType = sourcecode.swift; path = "FavouriteMO+CoreDataProperties.swift"; sourceTree = "<group>"; };
		361FAE4223A29776006E6155 /* MusicMO+CoreDataClass.swift */ = {isa = PBXFileReference; lastKnownFileType = sourcecode.swift; path = "MusicMO+CoreDataClass.swift"; sourceTree = "<group>"; };
		361FAE4323A29776006E6155 /* MusicMO+CoreDataProperties.swift */ = {isa = PBXFileReference; lastKnownFileType = sourcecode.swift; path = "MusicMO+CoreDataProperties.swift"; sourceTree = "<group>"; };
		364DCE25239E524000BB7558 /* Disconnected.storyboard */ = {isa = PBXFileReference; fileEncoding = 4; lastKnownFileType = file.storyboard; path = Disconnected.storyboard; sourceTree = "<group>"; };
		364DCE26239E524000BB7558 /* Feed.storyboard */ = {isa = PBXFileReference; fileEncoding = 4; lastKnownFileType = file.storyboard; path = Feed.storyboard; sourceTree = "<group>"; };
		364DCE27239E524000BB7558 /* Music.storyboard */ = {isa = PBXFileReference; fileEncoding = 4; lastKnownFileType = file.storyboard; path = Music.storyboard; sourceTree = "<group>"; };
		364DCE29239E524000BB7558 /* Base */ = {isa = PBXFileReference; lastKnownFileType = file.storyboard; name = Base; path = Base.lproj/LaunchScreen.storyboard; sourceTree = "<group>"; };
		364DCE2B239E524000BB7558 /* Base */ = {isa = PBXFileReference; lastKnownFileType = file.storyboard; name = Base; path = Base.lproj/Main.storyboard; sourceTree = "<group>"; };
		364DCE2C239E524000BB7558 /* Login.storyboard */ = {isa = PBXFileReference; fileEncoding = 4; lastKnownFileType = file.storyboard; path = Login.storyboard; sourceTree = "<group>"; };
		364DCE2D239E524000BB7558 /* Signin.storyboard */ = {isa = PBXFileReference; fileEncoding = 4; lastKnownFileType = file.storyboard; path = Signin.storyboard; sourceTree = "<group>"; };
		364DCE2E239E524000BB7558 /* Account.storyboard */ = {isa = PBXFileReference; fileEncoding = 4; lastKnownFileType = file.storyboard; path = Account.storyboard; sourceTree = "<group>"; };
		364DCE2F239E524000BB7558 /* Assets.xcassets */ = {isa = PBXFileReference; lastKnownFileType = folder.assetcatalog; path = Assets.xcassets; sourceTree = "<group>"; };
		364DCE31239E524000BB7558 /* IF26-IOS_coredata.xcdatamodel */ = {isa = PBXFileReference; lastKnownFileType = wrapper.xcdatamodel; path = "IF26-IOS_coredata.xcdatamodel"; sourceTree = "<group>"; };
		364DCE38239E524000BB7558 /* DisconnectedViewController.swift */ = {isa = PBXFileReference; fileEncoding = 4; lastKnownFileType = sourcecode.swift; path = DisconnectedViewController.swift; sourceTree = "<group>"; };
		364DCE3A239E524000BB7558 /* MusicViewController.swift */ = {isa = PBXFileReference; fileEncoding = 4; lastKnownFileType = sourcecode.swift; path = MusicViewController.swift; sourceTree = "<group>"; };
		364DCE3B239E524000BB7558 /* MainViewController.swift */ = {isa = PBXFileReference; fileEncoding = 4; lastKnownFileType = sourcecode.swift; path = MainViewController.swift; sourceTree = "<group>"; };
		364DCE3C239E524000BB7558 /* LoginViewController.swift */ = {isa = PBXFileReference; fileEncoding = 4; lastKnownFileType = sourcecode.swift; path = LoginViewController.swift; sourceTree = "<group>"; };
		364DCE3D239E524000BB7558 /* FeedViewController.swift */ = {isa = PBXFileReference; fileEncoding = 4; lastKnownFileType = sourcecode.swift; path = FeedViewController.swift; sourceTree = "<group>"; };
		364DCE3E239E524000BB7558 /* AccountViewController.swift */ = {isa = PBXFileReference; fileEncoding = 4; lastKnownFileType = sourcecode.swift; path = AccountViewController.swift; sourceTree = "<group>"; };
		364DCE3F239E524000BB7558 /* SigninViewController.swift */ = {isa = PBXFileReference; fileEncoding = 4; lastKnownFileType = sourcecode.swift; path = SigninViewController.swift; sourceTree = "<group>"; };
		364DCE40239E524000BB7558 /* AppDelegate.swift */ = {isa = PBXFileReference; fileEncoding = 4; lastKnownFileType = sourcecode.swift; path = AppDelegate.swift; sourceTree = "<group>"; };
		364DCE43239E524000BB7558 /* Info.plist */ = {isa = PBXFileReference; fileEncoding = 4; lastKnownFileType = text.plist.xml; path = Info.plist; sourceTree = "<group>"; };
		364DCE45239E524000BB7558 /* bensound-summer.mp3 */ = {isa = PBXFileReference; lastKnownFileType = audio.mp3; path = "bensound-summer.mp3"; sourceTree = "<group>"; };
		364DCE46239E524000BB7558 /* bensound-anewbeginning.mp3 */ = {isa = PBXFileReference; lastKnownFileType = audio.mp3; path = "bensound-anewbeginning.mp3"; sourceTree = "<group>"; };
		364DCE47239E524000BB7558 /* bensound-creativeminds.mp3 */ = {isa = PBXFileReference; lastKnownFileType = audio.mp3; path = "bensound-creativeminds.mp3"; sourceTree = "<group>"; };
		364DCE48239E524000BB7558 /* bensound-ukulele.mp3 */ = {isa = PBXFileReference; lastKnownFileType = audio.mp3; path = "bensound-ukulele.mp3"; sourceTree = "<group>"; };
		AF0EE479235EF67800158B51 /* IF26-IOS.app */ = {isa = PBXFileReference; explicitFileType = wrapper.application; includeInIndex = 0; path = "IF26-IOS.app"; sourceTree = BUILT_PRODUCTS_DIR; };
		AF0EE48D235EF67D00158B51 /* IF26-IOSTests.xctest */ = {isa = PBXFileReference; explicitFileType = wrapper.cfbundle; includeInIndex = 0; path = "IF26-IOSTests.xctest"; sourceTree = BUILT_PRODUCTS_DIR; };
		AF0EE491235EF67D00158B51 /* IF26_IOSTests.swift */ = {isa = PBXFileReference; lastKnownFileType = sourcecode.swift; path = IF26_IOSTests.swift; sourceTree = "<group>"; };
		AF0EE493235EF67D00158B51 /* Info.plist */ = {isa = PBXFileReference; lastKnownFileType = text.plist.xml; path = Info.plist; sourceTree = "<group>"; };
		AF0EE498235EF67E00158B51 /* IF26-IOSUITests.xctest */ = {isa = PBXFileReference; explicitFileType = wrapper.cfbundle; includeInIndex = 0; path = "IF26-IOSUITests.xctest"; sourceTree = BUILT_PRODUCTS_DIR; };
		AF0EE49C235EF67E00158B51 /* IF26_IOSUITests.swift */ = {isa = PBXFileReference; lastKnownFileType = sourcecode.swift; path = IF26_IOSUITests.swift; sourceTree = "<group>"; };
		AF0EE49E235EF67E00158B51 /* Info.plist */ = {isa = PBXFileReference; lastKnownFileType = text.plist.xml; path = Info.plist; sourceTree = "<group>"; };
		AF6EFAD1239F9F8400842984 /* LoginHelper.swift */ = {isa = PBXFileReference; lastKnownFileType = sourcecode.swift; path = LoginHelper.swift; sourceTree = "<group>"; };
/* End PBXFileReference section */

/* Begin PBXFrameworksBuildPhase section */
		AF0EE476235EF67800158B51 /* Frameworks */ = {
			isa = PBXFrameworksBuildPhase;
			buildActionMask = 2147483647;
			files = (
			);
			runOnlyForDeploymentPostprocessing = 0;
		};
		AF0EE48A235EF67D00158B51 /* Frameworks */ = {
			isa = PBXFrameworksBuildPhase;
			buildActionMask = 2147483647;
			files = (
			);
			runOnlyForDeploymentPostprocessing = 0;
		};
		AF0EE495235EF67E00158B51 /* Frameworks */ = {
			isa = PBXFrameworksBuildPhase;
			buildActionMask = 2147483647;
			files = (
			);
			runOnlyForDeploymentPostprocessing = 0;
		};
/* End PBXFrameworksBuildPhase section */

/* Begin PBXGroup section */
		364DCE23239E524000BB7558 /* IF26-IOS */ = {
			isa = PBXGroup;
			children = (
				368A4B2B239EC49900A7B0AF /* ManagedObjects */,
				364DCE24239E524000BB7558 /* Storyboards */,
				364DCE2F239E524000BB7558 /* Assets.xcassets */,
				364DCE30239E524000BB7558 /* IF26-IOS_coredata.xcdatamodeld */,
				364DCE36239E524000BB7558 /* ViewControllers */,
				364DCE40239E524000BB7558 /* AppDelegate.swift */,
				364DCE41239E524000BB7558 /* login */,
				364DCE43239E524000BB7558 /* Info.plist */,
				364DCE44239E524000BB7558 /* Musics */,
			);
			path = "IF26-IOS";
			sourceTree = "<group>";
		};
		364DCE24239E524000BB7558 /* Storyboards */ = {
			isa = PBXGroup;
			children = (
				364DCE25239E524000BB7558 /* Disconnected.storyboard */,
				364DCE26239E524000BB7558 /* Feed.storyboard */,
				364DCE27239E524000BB7558 /* Music.storyboard */,
				364DCE28239E524000BB7558 /* LaunchScreen.storyboard */,
				364DCE2A239E524000BB7558 /* Main.storyboard */,
				364DCE2C239E524000BB7558 /* Login.storyboard */,
				364DCE2D239E524000BB7558 /* Signin.storyboard */,
				364DCE2E239E524000BB7558 /* Account.storyboard */,
			);
			path = Storyboards;
			sourceTree = "<group>";
		};
		364DCE36239E524000BB7558 /* ViewControllers */ = {
			isa = PBXGroup;
			children = (
				364DCE38239E524000BB7558 /* DisconnectedViewController.swift */,
				364DCE3A239E524000BB7558 /* MusicViewController.swift */,
				364DCE3B239E524000BB7558 /* MainViewController.swift */,
				364DCE3C239E524000BB7558 /* LoginViewController.swift */,
				364DCE3D239E524000BB7558 /* FeedViewController.swift */,
				364DCE3E239E524000BB7558 /* AccountViewController.swift */,
				364DCE3F239E524000BB7558 /* SigninViewController.swift */,
			);
			path = ViewControllers;
			sourceTree = "<group>";
		};
		364DCE41239E524000BB7558 /* login */ = {
			isa = PBXGroup;
			children = (
				AF6EFAD1239F9F8400842984 /* LoginHelper.swift */,
			);
			path = login;
			sourceTree = "<group>";
		};
		364DCE44239E524000BB7558 /* Musics */ = {
			isa = PBXGroup;
			children = (
				364DCE45239E524000BB7558 /* bensound-summer.mp3 */,
				364DCE46239E524000BB7558 /* bensound-anewbeginning.mp3 */,
				364DCE47239E524000BB7558 /* bensound-creativeminds.mp3 */,
				364DCE48239E524000BB7558 /* bensound-ukulele.mp3 */,
			);
			path = Musics;
			sourceTree = "<group>";
		};
		368A4B2B239EC49900A7B0AF /* ManagedObjects */ = {
			isa = PBXGroup;
			children = (
				361FAE3E23A29776006E6155 /* UserMO+CoreDataClass.swift */,
				361FAE3F23A29776006E6155 /* UserMO+CoreDataProperties.swift */,
				361FAE4023A29776006E6155 /* FavouriteMO+CoreDataClass.swift */,
				361FAE4123A29776006E6155 /* FavouriteMO+CoreDataProperties.swift */,
				361FAE4223A29776006E6155 /* MusicMO+CoreDataClass.swift */,
				361FAE4323A29776006E6155 /* MusicMO+CoreDataProperties.swift */,
			);
			path = ManagedObjects;
			sourceTree = "<group>";
		};
		AF0EE470235EF67700158B51 = {
			isa = PBXGroup;
			children = (
				364DCE23239E524000BB7558 /* IF26-IOS */,
				AF0EE490235EF67D00158B51 /* IF26-IOSTests */,
				AF0EE49B235EF67E00158B51 /* IF26-IOSUITests */,
				AF0EE47A235EF67800158B51 /* Products */,
			);
			sourceTree = "<group>";
		};
		AF0EE47A235EF67800158B51 /* Products */ = {
			isa = PBXGroup;
			children = (
				AF0EE479235EF67800158B51 /* IF26-IOS.app */,
				AF0EE48D235EF67D00158B51 /* IF26-IOSTests.xctest */,
				AF0EE498235EF67E00158B51 /* IF26-IOSUITests.xctest */,
			);
			name = Products;
			sourceTree = "<group>";
		};
		AF0EE490235EF67D00158B51 /* IF26-IOSTests */ = {
			isa = PBXGroup;
			children = (
				AF0EE491235EF67D00158B51 /* IF26_IOSTests.swift */,
				AF0EE493235EF67D00158B51 /* Info.plist */,
			);
			path = "IF26-IOSTests";
			sourceTree = "<group>";
		};
		AF0EE49B235EF67E00158B51 /* IF26-IOSUITests */ = {
			isa = PBXGroup;
			children = (
				AF0EE49C235EF67E00158B51 /* IF26_IOSUITests.swift */,
				AF0EE49E235EF67E00158B51 /* Info.plist */,
			);
			path = "IF26-IOSUITests";
			sourceTree = "<group>";
		};
/* End PBXGroup section */

/* Begin PBXNativeTarget section */
		AF0EE478235EF67800158B51 /* IF26-IOS */ = {
			isa = PBXNativeTarget;
			buildConfigurationList = AF0EE4A1235EF67E00158B51 /* Build configuration list for PBXNativeTarget "IF26-IOS" */;
			buildPhases = (
				AF0EE475235EF67800158B51 /* Sources */,
				AF0EE476235EF67800158B51 /* Frameworks */,
				AF0EE477235EF67800158B51 /* Resources */,
			);
			buildRules = (
			);
			dependencies = (
			);
			name = "IF26-IOS";
			productName = "IF26-IOS";
			productReference = AF0EE479235EF67800158B51 /* IF26-IOS.app */;
			productType = "com.apple.product-type.application";
		};
		AF0EE48C235EF67D00158B51 /* IF26-IOSTests */ = {
			isa = PBXNativeTarget;
			buildConfigurationList = AF0EE4A4235EF67E00158B51 /* Build configuration list for PBXNativeTarget "IF26-IOSTests" */;
			buildPhases = (
				AF0EE489235EF67D00158B51 /* Sources */,
				AF0EE48A235EF67D00158B51 /* Frameworks */,
				AF0EE48B235EF67D00158B51 /* Resources */,
			);
			buildRules = (
			);
			dependencies = (
				AF0EE48F235EF67D00158B51 /* PBXTargetDependency */,
			);
			name = "IF26-IOSTests";
			productName = "IF26-IOSTests";
			productReference = AF0EE48D235EF67D00158B51 /* IF26-IOSTests.xctest */;
			productType = "com.apple.product-type.bundle.unit-test";
		};
		AF0EE497235EF67E00158B51 /* IF26-IOSUITests */ = {
			isa = PBXNativeTarget;
			buildConfigurationList = AF0EE4A7235EF67E00158B51 /* Build configuration list for PBXNativeTarget "IF26-IOSUITests" */;
			buildPhases = (
				AF0EE494235EF67E00158B51 /* Sources */,
				AF0EE495235EF67E00158B51 /* Frameworks */,
				AF0EE496235EF67E00158B51 /* Resources */,
			);
			buildRules = (
			);
			dependencies = (
				AF0EE49A235EF67E00158B51 /* PBXTargetDependency */,
			);
			name = "IF26-IOSUITests";
			productName = "IF26-IOSUITests";
			productReference = AF0EE498235EF67E00158B51 /* IF26-IOSUITests.xctest */;
			productType = "com.apple.product-type.bundle.ui-testing";
		};
/* End PBXNativeTarget section */

/* Begin PBXProject section */
		AF0EE471235EF67700158B51 /* Project object */ = {
			isa = PBXProject;
			attributes = {
				LastSwiftUpdateCheck = 1010;
				LastUpgradeCheck = 1010;
				ORGANIZATIONNAME = if26;
				TargetAttributes = {
					AF0EE478235EF67800158B51 = {
						CreatedOnToolsVersion = 10.1;
						LastSwiftMigration = 1120;
						SystemCapabilities = {
							com.apple.BackgroundModes = {
								enabled = 1;
							};
						};
					};
					AF0EE48C235EF67D00158B51 = {
						CreatedOnToolsVersion = 10.1;
						LastSwiftMigration = 1120;
						TestTargetID = AF0EE478235EF67800158B51;
					};
					AF0EE497235EF67E00158B51 = {
						CreatedOnToolsVersion = 10.1;
						LastSwiftMigration = 1120;
						TestTargetID = AF0EE478235EF67800158B51;
					};
				};
			};
			buildConfigurationList = AF0EE474235EF67700158B51 /* Build configuration list for PBXProject "IF26-IOS" */;
			compatibilityVersion = "Xcode 9.3";
			developmentRegion = en;
			hasScannedForEncodings = 0;
			knownRegions = (
				en,
				Base,
			);
			mainGroup = AF0EE470235EF67700158B51;
			productRefGroup = AF0EE47A235EF67800158B51 /* Products */;
			projectDirPath = "";
			projectRoot = "";
			targets = (
				AF0EE478235EF67800158B51 /* IF26-IOS */,
				AF0EE48C235EF67D00158B51 /* IF26-IOSTests */,
				AF0EE497235EF67E00158B51 /* IF26-IOSUITests */,
			);
		};
/* End PBXProject section */

/* Begin PBXResourcesBuildPhase section */
		AF0EE477235EF67800158B51 /* Resources */ = {
			isa = PBXResourcesBuildPhase;
			buildActionMask = 2147483647;
			files = (
				364DCE4B239E524000BB7558 /* Music.storyboard in Resources */,
				364DCE62239E524000BB7558 /* bensound-creativeminds.mp3 in Resources */,
				364DCE4D239E524000BB7558 /* Main.storyboard in Resources */,
				364DCE4F239E524000BB7558 /* Signin.storyboard in Resources */,
				364DCE61239E524000BB7558 /* bensound-anewbeginning.mp3 in Resources */,
				364DCE4E239E524000BB7558 /* Login.storyboard in Resources */,
				364DCE63239E524000BB7558 /* bensound-ukulele.mp3 in Resources */,
				364DCE60239E524000BB7558 /* bensound-summer.mp3 in Resources */,
				364DCE4C239E524000BB7558 /* LaunchScreen.storyboard in Resources */,
				364DCE4A239E524000BB7558 /* Feed.storyboard in Resources */,
				364DCE50239E524000BB7558 /* Account.storyboard in Resources */,
				364DCE51239E524000BB7558 /* Assets.xcassets in Resources */,
				364DCE49239E524000BB7558 /* Disconnected.storyboard in Resources */,
			);
			runOnlyForDeploymentPostprocessing = 0;
		};
		AF0EE48B235EF67D00158B51 /* Resources */ = {
			isa = PBXResourcesBuildPhase;
			buildActionMask = 2147483647;
			files = (
			);
			runOnlyForDeploymentPostprocessing = 0;
		};
		AF0EE496235EF67E00158B51 /* Resources */ = {
			isa = PBXResourcesBuildPhase;
			buildActionMask = 2147483647;
			files = (
			);
			runOnlyForDeploymentPostprocessing = 0;
		};
/* End PBXResourcesBuildPhase section */

/* Begin PBXSourcesBuildPhase section */
		AF0EE475235EF67800158B51 /* Sources */ = {
			isa = PBXSourcesBuildPhase;
			buildActionMask = 2147483647;
			files = (
				364DCE5D239E524000BB7558 /* AppDelegate.swift in Sources */,
				364DCE58239E524000BB7558 /* MainViewController.swift in Sources */,
				364DCE5A239E524000BB7558 /* FeedViewController.swift in Sources */,
				364DCE5C239E524000BB7558 /* SigninViewController.swift in Sources */,
				361FAE4523A29776006E6155 /* UserMO+CoreDataProperties.swift in Sources */,
				364DCE57239E524000BB7558 /* MusicViewController.swift in Sources */,
				361FAE4923A29776006E6155 /* MusicMO+CoreDataProperties.swift in Sources */,
				364DCE52239E524000BB7558 /* IF26-IOS_coredata.xcdatamodeld in Sources */,
				AF6EFAD2239F9F8400842984 /* LoginHelper.swift in Sources */,
				361FAE4623A29776006E6155 /* FavouriteMO+CoreDataClass.swift in Sources */,
				361FAE4723A29776006E6155 /* FavouriteMO+CoreDataProperties.swift in Sources */,
				364DCE59239E524000BB7558 /* LoginViewController.swift in Sources */,
				364DCE5B239E524000BB7558 /* AccountViewController.swift in Sources */,
				361FAE4423A29776006E6155 /* UserMO+CoreDataClass.swift in Sources */,
				361FAE4823A29776006E6155 /* MusicMO+CoreDataClass.swift in Sources */,
				364DCE55239E524000BB7558 /* DisconnectedViewController.swift in Sources */,
			);
			runOnlyForDeploymentPostprocessing = 0;
		};
		AF0EE489235EF67D00158B51 /* Sources */ = {
			isa = PBXSourcesBuildPhase;
			buildActionMask = 2147483647;
			files = (
				AF0EE492235EF67D00158B51 /* IF26_IOSTests.swift in Sources */,
			);
			runOnlyForDeploymentPostprocessing = 0;
		};
		AF0EE494235EF67E00158B51 /* Sources */ = {
			isa = PBXSourcesBuildPhase;
			buildActionMask = 2147483647;
			files = (
				AF0EE49D235EF67E00158B51 /* IF26_IOSUITests.swift in Sources */,
			);
			runOnlyForDeploymentPostprocessing = 0;
		};
/* End PBXSourcesBuildPhase section */

/* Begin PBXTargetDependency section */
		AF0EE48F235EF67D00158B51 /* PBXTargetDependency */ = {
			isa = PBXTargetDependency;
			target = AF0EE478235EF67800158B51 /* IF26-IOS */;
			targetProxy = AF0EE48E235EF67D00158B51 /* PBXContainerItemProxy */;
		};
		AF0EE49A235EF67E00158B51 /* PBXTargetDependency */ = {
			isa = PBXTargetDependency;
			target = AF0EE478235EF67800158B51 /* IF26-IOS */;
			targetProxy = AF0EE499235EF67E00158B51 /* PBXContainerItemProxy */;
		};
/* End PBXTargetDependency section */

/* Begin PBXVariantGroup section */
		364DCE28239E524000BB7558 /* LaunchScreen.storyboard */ = {
			isa = PBXVariantGroup;
			children = (
				364DCE29239E524000BB7558 /* Base */,
			);
			name = LaunchScreen.storyboard;
			sourceTree = "<group>";
		};
		364DCE2A239E524000BB7558 /* Main.storyboard */ = {
			isa = PBXVariantGroup;
			children = (
				364DCE2B239E524000BB7558 /* Base */,
			);
			name = Main.storyboard;
			sourceTree = "<group>";
		};
/* End PBXVariantGroup section */

/* Begin XCBuildConfiguration section */
		AF0EE49F235EF67E00158B51 /* Debug */ = {
			isa = XCBuildConfiguration;
			buildSettings = {
				ALWAYS_SEARCH_USER_PATHS = NO;
				CLANG_ANALYZER_NONNULL = YES;
				CLANG_ANALYZER_NUMBER_OBJECT_CONVERSION = YES_AGGRESSIVE;
				CLANG_CXX_LANGUAGE_STANDARD = "gnu++14";
				CLANG_CXX_LIBRARY = "libc++";
				CLANG_ENABLE_MODULES = YES;
				CLANG_ENABLE_OBJC_ARC = YES;
				CLANG_ENABLE_OBJC_WEAK = YES;
				CLANG_WARN_BLOCK_CAPTURE_AUTORELEASING = YES;
				CLANG_WARN_BOOL_CONVERSION = YES;
				CLANG_WARN_COMMA = YES;
				CLANG_WARN_CONSTANT_CONVERSION = YES;
				CLANG_WARN_DEPRECATED_OBJC_IMPLEMENTATIONS = YES;
				CLANG_WARN_DIRECT_OBJC_ISA_USAGE = YES_ERROR;
				CLANG_WARN_DOCUMENTATION_COMMENTS = YES;
				CLANG_WARN_EMPTY_BODY = YES;
				CLANG_WARN_ENUM_CONVERSION = YES;
				CLANG_WARN_INFINITE_RECURSION = YES;
				CLANG_WARN_INT_CONVERSION = YES;
				CLANG_WARN_NON_LITERAL_NULL_CONVERSION = YES;
				CLANG_WARN_OBJC_IMPLICIT_RETAIN_SELF = YES;
				CLANG_WARN_OBJC_LITERAL_CONVERSION = YES;
				CLANG_WARN_OBJC_ROOT_CLASS = YES_ERROR;
				CLANG_WARN_RANGE_LOOP_ANALYSIS = YES;
				CLANG_WARN_STRICT_PROTOTYPES = YES;
				CLANG_WARN_SUSPICIOUS_MOVE = YES;
				CLANG_WARN_UNGUARDED_AVAILABILITY = YES_AGGRESSIVE;
				CLANG_WARN_UNREACHABLE_CODE = YES;
				CLANG_WARN__DUPLICATE_METHOD_MATCH = YES;
				CODE_SIGN_IDENTITY = "iPhone Developer";
				COPY_PHASE_STRIP = NO;
				DEBUG_INFORMATION_FORMAT = dwarf;
				ENABLE_STRICT_OBJC_MSGSEND = YES;
				ENABLE_TESTABILITY = YES;
				GCC_C_LANGUAGE_STANDARD = gnu11;
				GCC_DYNAMIC_NO_PIC = NO;
				GCC_NO_COMMON_BLOCKS = YES;
				GCC_OPTIMIZATION_LEVEL = 0;
				GCC_PREPROCESSOR_DEFINITIONS = (
					"DEBUG=1",
					"$(inherited)",
				);
				GCC_WARN_64_TO_32_BIT_CONVERSION = YES;
				GCC_WARN_ABOUT_RETURN_TYPE = YES_ERROR;
				GCC_WARN_UNDECLARED_SELECTOR = YES;
				GCC_WARN_UNINITIALIZED_AUTOS = YES_AGGRESSIVE;
				GCC_WARN_UNUSED_FUNCTION = YES;
				GCC_WARN_UNUSED_VARIABLE = YES;
				IPHONEOS_DEPLOYMENT_TARGET = 12.1;
				MTL_ENABLE_DEBUG_INFO = INCLUDE_SOURCE;
				MTL_FAST_MATH = YES;
				ONLY_ACTIVE_ARCH = YES;
				SDKROOT = iphoneos;
				SWIFT_ACTIVE_COMPILATION_CONDITIONS = DEBUG;
				SWIFT_OPTIMIZATION_LEVEL = "-Onone";
			};
			name = Debug;
		};
		AF0EE4A0235EF67E00158B51 /* Release */ = {
			isa = XCBuildConfiguration;
			buildSettings = {
				ALWAYS_SEARCH_USER_PATHS = NO;
				CLANG_ANALYZER_NONNULL = YES;
				CLANG_ANALYZER_NUMBER_OBJECT_CONVERSION = YES_AGGRESSIVE;
				CLANG_CXX_LANGUAGE_STANDARD = "gnu++14";
				CLANG_CXX_LIBRARY = "libc++";
				CLANG_ENABLE_MODULES = YES;
				CLANG_ENABLE_OBJC_ARC = YES;
				CLANG_ENABLE_OBJC_WEAK = YES;
				CLANG_WARN_BLOCK_CAPTURE_AUTORELEASING = YES;
				CLANG_WARN_BOOL_CONVERSION = YES;
				CLANG_WARN_COMMA = YES;
				CLANG_WARN_CONSTANT_CONVERSION = YES;
				CLANG_WARN_DEPRECATED_OBJC_IMPLEMENTATIONS = YES;
				CLANG_WARN_DIRECT_OBJC_ISA_USAGE = YES_ERROR;
				CLANG_WARN_DOCUMENTATION_COMMENTS = YES;
				CLANG_WARN_EMPTY_BODY = YES;
				CLANG_WARN_ENUM_CONVERSION = YES;
				CLANG_WARN_INFINITE_RECURSION = YES;
				CLANG_WARN_INT_CONVERSION = YES;
				CLANG_WARN_NON_LITERAL_NULL_CONVERSION = YES;
				CLANG_WARN_OBJC_IMPLICIT_RETAIN_SELF = YES;
				CLANG_WARN_OBJC_LITERAL_CONVERSION = YES;
				CLANG_WARN_OBJC_ROOT_CLASS = YES_ERROR;
				CLANG_WARN_RANGE_LOOP_ANALYSIS = YES;
				CLANG_WARN_STRICT_PROTOTYPES = YES;
				CLANG_WARN_SUSPICIOUS_MOVE = YES;
				CLANG_WARN_UNGUARDED_AVAILABILITY = YES_AGGRESSIVE;
				CLANG_WARN_UNREACHABLE_CODE = YES;
				CLANG_WARN__DUPLICATE_METHOD_MATCH = YES;
				CODE_SIGN_IDENTITY = "iPhone Developer";
				COPY_PHASE_STRIP = NO;
				DEBUG_INFORMATION_FORMAT = "dwarf-with-dsym";
				ENABLE_NS_ASSERTIONS = NO;
				ENABLE_STRICT_OBJC_MSGSEND = YES;
				GCC_C_LANGUAGE_STANDARD = gnu11;
				GCC_NO_COMMON_BLOCKS = YES;
				GCC_WARN_64_TO_32_BIT_CONVERSION = YES;
				GCC_WARN_ABOUT_RETURN_TYPE = YES_ERROR;
				GCC_WARN_UNDECLARED_SELECTOR = YES;
				GCC_WARN_UNINITIALIZED_AUTOS = YES_AGGRESSIVE;
				GCC_WARN_UNUSED_FUNCTION = YES;
				GCC_WARN_UNUSED_VARIABLE = YES;
				IPHONEOS_DEPLOYMENT_TARGET = 12.1;
				MTL_ENABLE_DEBUG_INFO = NO;
				MTL_FAST_MATH = YES;
				SDKROOT = iphoneos;
				SWIFT_COMPILATION_MODE = wholemodule;
				SWIFT_OPTIMIZATION_LEVEL = "-O";
				VALIDATE_PRODUCT = YES;
			};
			name = Release;
		};
		AF0EE4A2235EF67E00158B51 /* Debug */ = {
			isa = XCBuildConfiguration;
			buildSettings = {
				ASSETCATALOG_COMPILER_APPICON_NAME = AppIcon;
				CODE_SIGN_STYLE = Automatic;
				INFOPLIST_FILE = "IF26-IOS/Info.plist";
				LD_RUNPATH_SEARCH_PATHS = (
					"$(inherited)",
					"@executable_path/Frameworks",
				);
				PRODUCT_BUNDLE_IDENTIFIER = "utt.IF26-IOS";
				PRODUCT_NAME = "$(TARGET_NAME)";
				SWIFT_VERSION = 4.2;
				TARGETED_DEVICE_FAMILY = "1,2";
			};
			name = Debug;
		};
		AF0EE4A3235EF67E00158B51 /* Release */ = {
			isa = XCBuildConfiguration;
			buildSettings = {
				ASSETCATALOG_COMPILER_APPICON_NAME = AppIcon;
				CODE_SIGN_STYLE = Automatic;
				INFOPLIST_FILE = "IF26-IOS/Info.plist";
				LD_RUNPATH_SEARCH_PATHS = (
					"$(inherited)",
					"@executable_path/Frameworks",
				);
				PRODUCT_BUNDLE_IDENTIFIER = "utt.IF26-IOS";
				PRODUCT_NAME = "$(TARGET_NAME)";
				SWIFT_VERSION = 4.2;
				TARGETED_DEVICE_FAMILY = "1,2";
			};
			name = Release;
		};
		AF0EE4A5235EF67E00158B51 /* Debug */ = {
			isa = XCBuildConfiguration;
			buildSettings = {
				ALWAYS_EMBED_SWIFT_STANDARD_LIBRARIES = YES;
				BUNDLE_LOADER = "$(TEST_HOST)";
				CODE_SIGN_STYLE = Automatic;
				INFOPLIST_FILE = "IF26-IOSTests/Info.plist";
				LD_RUNPATH_SEARCH_PATHS = (
					"$(inherited)",
					"@executable_path/Frameworks",
					"@loader_path/Frameworks",
				);
				PRODUCT_BUNDLE_IDENTIFIER = "utt.IF26-IOSTests";
				PRODUCT_NAME = "$(TARGET_NAME)";
				SWIFT_VERSION = 4.2;
				TARGETED_DEVICE_FAMILY = "1,2";
				TEST_HOST = "$(BUILT_PRODUCTS_DIR)/IF26-IOS.app/IF26-IOS";
			};
			name = Debug;
		};
		AF0EE4A6235EF67E00158B51 /* Release */ = {
			isa = XCBuildConfiguration;
			buildSettings = {
				ALWAYS_EMBED_SWIFT_STANDARD_LIBRARIES = YES;
				BUNDLE_LOADER = "$(TEST_HOST)";
				CODE_SIGN_STYLE = Automatic;
				INFOPLIST_FILE = "IF26-IOSTests/Info.plist";
				LD_RUNPATH_SEARCH_PATHS = (
					"$(inherited)",
					"@executable_path/Frameworks",
					"@loader_path/Frameworks",
				);
				PRODUCT_BUNDLE_IDENTIFIER = "utt.IF26-IOSTests";
				PRODUCT_NAME = "$(TARGET_NAME)";
				SWIFT_VERSION = 4.2;
				TARGETED_DEVICE_FAMILY = "1,2";
				TEST_HOST = "$(BUILT_PRODUCTS_DIR)/IF26-IOS.app/IF26-IOS";
			};
			name = Release;
		};
		AF0EE4A8235EF67E00158B51 /* Debug */ = {
			isa = XCBuildConfiguration;
			buildSettings = {
				ALWAYS_EMBED_SWIFT_STANDARD_LIBRARIES = YES;
				CODE_SIGN_STYLE = Automatic;
				INFOPLIST_FILE = "IF26-IOSUITests/Info.plist";
				LD_RUNPATH_SEARCH_PATHS = (
					"$(inherited)",
					"@executable_path/Frameworks",
					"@loader_path/Frameworks",
				);
				PRODUCT_BUNDLE_IDENTIFIER = "utt.IF26-IOSUITests";
				PRODUCT_NAME = "$(TARGET_NAME)";
				SWIFT_VERSION = 4.2;
				TARGETED_DEVICE_FAMILY = "1,2";
				TEST_TARGET_NAME = "IF26-IOS";
			};
			name = Debug;
		};
		AF0EE4A9235EF67E00158B51 /* Release */ = {
			isa = XCBuildConfiguration;
			buildSettings = {
				ALWAYS_EMBED_SWIFT_STANDARD_LIBRARIES = YES;
				CODE_SIGN_STYLE = Automatic;
				INFOPLIST_FILE = "IF26-IOSUITests/Info.plist";
				LD_RUNPATH_SEARCH_PATHS = (
					"$(inherited)",
					"@executable_path/Frameworks",
					"@loader_path/Frameworks",
				);
				PRODUCT_BUNDLE_IDENTIFIER = "utt.IF26-IOSUITests";
				PRODUCT_NAME = "$(TARGET_NAME)";
				SWIFT_VERSION = 4.2;
				TARGETED_DEVICE_FAMILY = "1,2";
				TEST_TARGET_NAME = "IF26-IOS";
			};
			name = Release;
		};
/* End XCBuildConfiguration section */

/* Begin XCConfigurationList section */
		AF0EE474235EF67700158B51 /* Build configuration list for PBXProject "IF26-IOS" */ = {
			isa = XCConfigurationList;
			buildConfigurations = (
				AF0EE49F235EF67E00158B51 /* Debug */,
				AF0EE4A0235EF67E00158B51 /* Release */,
			);
			defaultConfigurationIsVisible = 0;
			defaultConfigurationName = Release;
		};
		AF0EE4A1235EF67E00158B51 /* Build configuration list for PBXNativeTarget "IF26-IOS" */ = {
			isa = XCConfigurationList;
			buildConfigurations = (
				AF0EE4A2235EF67E00158B51 /* Debug */,
				AF0EE4A3235EF67E00158B51 /* Release */,
			);
			defaultConfigurationIsVisible = 0;
			defaultConfigurationName = Release;
		};
		AF0EE4A4235EF67E00158B51 /* Build configuration list for PBXNativeTarget "IF26-IOSTests" */ = {
			isa = XCConfigurationList;
			buildConfigurations = (
				AF0EE4A5235EF67E00158B51 /* Debug */,
				AF0EE4A6235EF67E00158B51 /* Release */,
			);
			defaultConfigurationIsVisible = 0;
			defaultConfigurationName = Release;
		};
		AF0EE4A7235EF67E00158B51 /* Build configuration list for PBXNativeTarget "IF26-IOSUITests" */ = {
			isa = XCConfigurationList;
			buildConfigurations = (
				AF0EE4A8235EF67E00158B51 /* Debug */,
				AF0EE4A9235EF67E00158B51 /* Release */,
			);
			defaultConfigurationIsVisible = 0;
			defaultConfigurationName = Release;
		};
/* End XCConfigurationList section */

/* Begin XCVersionGroup section */
		364DCE30239E524000BB7558 /* IF26-IOS_coredata.xcdatamodeld */ = {
			isa = XCVersionGroup;
			children = (
				364DCE31239E524000BB7558 /* IF26-IOS_coredata.xcdatamodel */,
			);
			currentVersion = 364DCE31239E524000BB7558 /* IF26-IOS_coredata.xcdatamodel */;
			path = "IF26-IOS_coredata.xcdatamodeld";
			sourceTree = "<group>";
			versionGroupType = wrapper.xcdatamodel;
		};
/* End XCVersionGroup section */
	};
	rootObject = AF0EE471235EF67700158B51 /* Project object */;
}
